
Microsoft Visual Studio Solution File, Format Version 12.00
# Visual Studio 14
VisualStudioVersion = 14.0.25420.1
MinimumVisualStudioVersion = 10.0.40219.1
Project("{FAE04EC0-301F-11D3-BF4B-00C04F79EFBC}") = "HY.Mail", "HY.Mail\HY.Mail.csproj", "{55EE4A41-2F14-441E-AD95-67ED43F1B680}"
EndProject
Project("{FAE04EC0-301F-11D3-BF4B-00C04F79EFBC}") = "HY.MailTests", "Hy.MailTests\HY.MailTests.csproj", "{4457A77A-9512-4995-ABFE-41D95FE0994A}"
EndProject
Global
	GlobalSection(SolutionConfigurationPlatforms) = preSolution
		Debug|Any CPU = Debug|Any CPU
		Release|Any CPU = Release|Any CPU
	EndGlobalSection
	GlobalSection(ProjectConfigurationPlatforms) = postSolution
		{55EE4A41-2F14-441E-AD95-67ED43F1B680}.Debug|Any CPU.ActiveCfg = Debug|Any CPU
		{55EE4A41-2F14-441E-AD95-67ED43F1B680}.Debug|Any CPU.Build.0 = Debug|Any CPU
		{55EE4A41-2F14-441E-AD95-67ED43F1B680}.Release|Any CPU.ActiveCfg = Release|Any CPU
		{55EE4A41-2F14-441E-AD95-67ED43F1B680}.Release|Any CPU.Build.0 = Release|Any CPU
		{4457A77A-9512-4995-ABFE-41D95FE0994A}.Debug|Any CPU.ActiveCfg = Debug|Any CPU
		{4457A77A-9512-4995-ABFE-41D95FE0994A}.Debug|Any CPU.Build.0 = Debug|Any CPU
		{4457A77A-9512-4995-ABFE-41D95FE0994A}.Release|Any CPU.ActiveCfg = Release|Any CPU
		{4457A77A-9512-4995-ABFE-41D95FE0994A}.Release|Any CPU.Build.0 = Release|Any CPU
	EndGlobalSection
	GlobalSection(SolutionProperties) = preSolution
		HideSolutionNode = FALSE
	EndGlobalSection
EndGlobal
